// !$*UTF8*$!
{
	archiveVersion = 1;
	classes = {
	};
	objectVersion = 50;
	objects = {

/* Begin PBXBuildFile section */
		2824B91523D08CA200C861C4 /* AppDelegate.swift in Sources */ = {isa = PBXBuildFile; fileRef = 2824B91423D08CA200C861C4 /* AppDelegate.swift */; };
		2824B91723D08CA200C861C4 /* ViewController.swift in Sources */ = {isa = PBXBuildFile; fileRef = 2824B91623D08CA200C861C4 /* ViewController.swift */; };
		2824B91A23D08CA200C861C4 /* Main.storyboard in Resources */ = {isa = PBXBuildFile; fileRef = 2824B91823D08CA200C861C4 /* Main.storyboard */; };
		2824B91C23D08CA300C861C4 /* Assets.xcassets in Resources */ = {isa = PBXBuildFile; fileRef = 2824B91B23D08CA300C861C4 /* Assets.xcassets */; };
		2824B91F23D08CA300C861C4 /* LaunchScreen.storyboard in Resources */ = {isa = PBXBuildFile; fileRef = 2824B91D23D08CA300C861C4 /* LaunchScreen.storyboard */; };
		2824B92A23D08CA300C861C4 /* BetterCountdownTimerTests.swift in Sources */ = {isa = PBXBuildFile; fileRef = 2824B92923D08CA300C861C4 /* BetterCountdownTimerTests.swift */; };
		2824B93523D08CA300C861C4 /* BetterCountdownTimerUITests.swift in Sources */ = {isa = PBXBuildFile; fileRef = 2824B93423D08CA300C861C4 /* BetterCountdownTimerUITests.swift */; };
/* End PBXBuildFile section */

/* Begin PBXContainerItemProxy section */
		2824B92623D08CA300C861C4 /* PBXContainerItemProxy */ = {
			isa = PBXContainerItemProxy;
			containerPortal = 2824B90923D08CA200C861C4 /* Project object */;
			proxyType = 1;
			remoteGlobalIDString = 2824B91023D08CA200C861C4;
			remoteInfo = BetterCountdownTimer;
		};
		2824B93123D08CA300C861C4 /* PBXContainerItemProxy */ = {
			isa = PBXContainerItemProxy;
			containerPortal = 2824B90923D08CA200C861C4 /* Project object */;
			proxyType = 1;
			remoteGlobalIDString = 2824B91023D08CA200C861C4;
			remoteInfo = BetterCountdownTimer;
		};
/* End PBXContainerItemProxy section */

/* Begin PBXFileReference section */
		2824B91123D08CA200C861C4 /* BetterCountdownTimer.app */ = {isa = PBXFileReference; explicitFileType = wrapper.application; includeInIndex = 0; path = BetterCountdownTimer.app; sourceTree = BUILT_PRODUCTS_DIR; };
		2824B91423D08CA200C861C4 /* AppDelegate.swift */ = {isa = PBXFileReference; lastKnownFileType = sourcecode.swift; path = AppDelegate.swift; sourceTree = "<group>"; };
		2824B91623D08CA200C861C4 /* ViewController.swift */ = {isa = PBXFileReference; lastKnownFileType = sourcecode.swift; path = ViewController.swift; sourceTree = "<group>"; };
		2824B91923D08CA200C861C4 /* Base */ = {isa = PBXFileReference; lastKnownFileType = file.storyboard; name = Base; path = Base.lproj/Main.storyboard; sourceTree = "<group>"; };
		2824B91B23D08CA300C861C4 /* Assets.xcassets */ = {isa = PBXFileReference; lastKnownFileType = folder.assetcatalog; path = Assets.xcassets; sourceTree = "<group>"; };
		2824B91E23D08CA300C861C4 /* Base */ = {isa = PBXFileReference; lastKnownFileType = file.storyboard; name = Base; path = Base.lproj/LaunchScreen.storyboard; sourceTree = "<group>"; };
		2824B92023D08CA300C861C4 /* Info.plist */ = {isa = PBXFileReference; lastKnownFileType = text.plist.xml; path = Info.plist; sourceTree = "<group>"; };
		2824B92523D08CA300C861C4 /* BetterCountdownTimerTests.xctest */ = {isa = PBXFileReference; explicitFileType = wrapper.cfbundle; includeInIndex = 0; path = BetterCountdownTimerTests.xctest; sourceTree = BUILT_PRODUCTS_DIR; };
		2824B92923D08CA300C861C4 /* BetterCountdownTimerTests.swift */ = {isa = PBXFileReference; lastKnownFileType = sourcecode.swift; path = BetterCountdownTimerTests.swift; sourceTree = "<group>"; };
		2824B92B23D08CA300C861C4 /* Info.plist */ = {isa = PBXFileReference; lastKnownFileType = text.plist.xml; path = Info.plist; sourceTree = "<group>"; };
		2824B93023D08CA300C861C4 /* BetterCountdownTimerUITests.xctest */ = {isa = PBXFileReference; explicitFileType = wrapper.cfbundle; includeInIndex = 0; path = BetterCountdownTimerUITests.xctest; sourceTree = BUILT_PRODUCTS_DIR; };
		2824B93423D08CA300C861C4 /* BetterCountdownTimerUITests.swift */ = {isa = PBXFileReference; lastKnownFileType = sourcecode.swift; path = BetterCountdownTimerUITests.swift; sourceTree = "<group>"; };
		2824B93623D08CA300C861C4 /* Info.plist */ = {isa = PBXFileReference; lastKnownFileType = text.plist.xml; path = Info.plist; sourceTree = "<group>"; };
/* End PBXFileReference section */

/* Begin PBXFrameworksBuildPhase section */
		2824B90E23D08CA200C861C4 /* Frameworks */ = {
			isa = PBXFrameworksBuildPhase;
			buildActionMask = 2147483647;
			files = (
			);
			runOnlyForDeploymentPostprocessing = 0;
		};
		2824B92223D08CA300C861C4 /* Frameworks */ = {
			isa = PBXFrameworksBuildPhase;
			buildActionMask = 2147483647;
			files = (
			);
			runOnlyForDeploymentPostprocessing = 0;
		};
		2824B92D23D08CA300C861C4 /* Frameworks */ = {
			isa = PBXFrameworksBuildPhase;
			buildActionMask = 2147483647;
			files = (
			);
			runOnlyForDeploymentPostprocessing = 0;
		};
/* End PBXFrameworksBuildPhase section */

/* Begin PBXGroup section */
		2824B90823D08CA200C861C4 = {
			isa = PBXGroup;
			children = (
				2824B91323D08CA200C861C4 /* BetterCountdownTimer */,
				2824B92823D08CA300C861C4 /* BetterCountdownTimerTests */,
				2824B93323D08CA300C861C4 /* BetterCountdownTimerUITests */,
				2824B91223D08CA200C861C4 /* Products */,
			);
			sourceTree = "<group>";
		};
		2824B91223D08CA200C861C4 /* Products */ = {
			isa = PBXGroup;
			children = (
				2824B91123D08CA200C861C4 /* BetterCountdownTimer.app */,
				2824B92523D08CA300C861C4 /* BetterCountdownTimerTests.xctest */,
				2824B93023D08CA300C861C4 /* BetterCountdownTimerUITests.xctest */,
			);
			name = Products;
			sourceTree = "<group>";
		};
		2824B91323D08CA200C861C4 /* BetterCountdownTimer */ = {
			isa = PBXGroup;
			children = (
				2824B91423D08CA200C861C4 /* AppDelegate.swift */,
				2824B91623D08CA200C861C4 /* ViewController.swift */,
				2824B91823D08CA200C861C4 /* Main.storyboard */,
				2824B91B23D08CA300C861C4 /* Assets.xcassets */,
				2824B91D23D08CA300C861C4 /* LaunchScreen.storyboard */,
				2824B92023D08CA300C861C4 /* Info.plist */,
			);
			path = BetterCountdownTimer;
			sourceTree = "<group>";
		};
		2824B92823D08CA300C861C4 /* BetterCountdownTimerTests */ = {
			isa = PBXGroup;
			children = (
				2824B92923D08CA300C861C4 /* BetterCountdownTimerTests.swift */,
				2824B92B23D08CA300C861C4 /* Info.plist */,
			);
			path = BetterCountdownTimerTests;
			sourceTree = "<group>";
		};
		2824B93323D08CA300C861C4 /* BetterCountdownTimerUITests */ = {
			isa = PBXGroup;
			children = (
				2824B93423D08CA300C861C4 /* BetterCountdownTimerUITests.swift */,
				2824B93623D08CA300C861C4 /* Info.plist */,
			);
			path = BetterCountdownTimerUITests;
			sourceTree = "<group>";
		};
/* End PBXGroup section */

/* Begin PBXNativeTarget section */
		2824B91023D08CA200C861C4 /* BetterCountdownTimer */ = {
			isa = PBXNativeTarget;
			buildConfigurationList = 2824B93923D08CA300C861C4 /* Build configuration list for PBXNativeTarget "BetterCountdownTimer" */;
			buildPhases = (
				2824B90D23D08CA200C861C4 /* Sources */,
				2824B90E23D08CA200C861C4 /* Frameworks */,
				2824B90F23D08CA200C861C4 /* Resources */,
			);
			buildRules = (
			);
			dependencies = (
			);
			name = BetterCountdownTimer;
			productName = BetterCountdownTimer;
			productReference = 2824B91123D08CA200C861C4 /* BetterCountdownTimer.app */;
			productType = "com.apple.product-type.application";
		};
		2824B92423D08CA300C861C4 /* BetterCountdownTimerTests */ = {
			isa = PBXNativeTarget;
			buildConfigurationList = 2824B93C23D08CA300C861C4 /* Build configuration list for PBXNativeTarget "BetterCountdownTimerTests" */;
			buildPhases = (
				2824B92123D08CA300C861C4 /* Sources */,
				2824B92223D08CA300C861C4 /* Frameworks */,
				2824B92323D08CA300C861C4 /* Resources */,
			);
			buildRules = (
			);
			dependencies = (
				2824B92723D08CA300C861C4 /* PBXTargetDependency */,
			);
			name = BetterCountdownTimerTests;
			productName = BetterCountdownTimerTests;
			productReference = 2824B92523D08CA300C861C4 /* BetterCountdownTimerTests.xctest */;
			productType = "com.apple.product-type.bundle.unit-test";
		};
		2824B92F23D08CA300C861C4 /* BetterCountdownTimerUITests */ = {
			isa = PBXNativeTarget;
			buildConfigurationList = 2824B93F23D08CA300C861C4 /* Build configuration list for PBXNativeTarget "BetterCountdownTimerUITests" */;
			buildPhases = (
				2824B92C23D08CA300C861C4 /* Sources */,
				2824B92D23D08CA300C861C4 /* Frameworks */,
				2824B92E23D08CA300C861C4 /* Resources */,
			);
			buildRules = (
			);
			dependencies = (
				2824B93223D08CA300C861C4 /* PBXTargetDependency */,
			);
			name = BetterCountdownTimerUITests;
			productName = BetterCountdownTimerUITests;
			productReference = 2824B93023D08CA300C861C4 /* BetterCountdownTimerUITests.xctest */;
			productType = "com.apple.product-type.bundle.ui-testing";
		};
/* End PBXNativeTarget section */

/* Begin PBXProject section */
		2824B90923D08CA200C861C4 /* Project object */ = {
			isa = PBXProject;
			attributes = {
				LastSwiftUpdateCheck = 1020;
				LastUpgradeCheck = 1020;
				ORGANIZATIONNAME = "Billy Sumners";
				TargetAttributes = {
					2824B91023D08CA200C861C4 = {
						CreatedOnToolsVersion = 10.2.1;
					};
					2824B92423D08CA300C861C4 = {
						CreatedOnToolsVersion = 10.2.1;
						TestTargetID = 2824B91023D08CA200C861C4;
					};
					2824B92F23D08CA300C861C4 = {
						CreatedOnToolsVersion = 10.2.1;
						TestTargetID = 2824B91023D08CA200C861C4;
					};
				};
			};
			buildConfigurationList = 2824B90C23D08CA200C861C4 /* Build configuration list for PBXProject "BetterCountdownTimer" */;
			compatibilityVersion = "Xcode 9.3";
			developmentRegion = en;
			hasScannedForEncodings = 0;
			knownRegions = (
				en,
				Base,
			);
			mainGroup = 2824B90823D08CA200C861C4;
			productRefGroup = 2824B91223D08CA200C861C4 /* Products */;
			projectDirPath = "";
			projectRoot = "";
			targets = (
				2824B91023D08CA200C861C4 /* BetterCountdownTimer */,
				2824B92423D08CA300C861C4 /* BetterCountdownTimerTests */,
				2824B92F23D08CA300C861C4 /* BetterCountdownTimerUITests */,
			);
		};
/* End PBXProject section */

/* Begin PBXResourcesBuildPhase section */
		2824B90F23D08CA200C861C4 /* Resources */ = {
			isa = PBXResourcesBuildPhase;
			buildActionMask = 2147483647;
			files = (
				2824B91F23D08CA300C861C4 /* LaunchScreen.storyboard in Resources */,
				2824B91C23D08CA300C861C4 /* Assets.xcassets in Resources */,
				2824B91A23D08CA200C861C4 /* Main.storyboard in Resources */,
			);
			runOnlyForDeploymentPostprocessing = 0;
		};
		2824B92323D08CA300C861C4 /* Resources */ = {
			isa = PBXResourcesBuildPhase;
			buildActionMask = 2147483647;
			files = (
			);
			runOnlyForDeploymentPostprocessing = 0;
		};
		2824B92E23D08CA300C861C4 /* Resources */ = {
			isa = PBXResourcesBuildPhase;
			buildActionMask = 2147483647;
			files = (
			);
			runOnlyForDeploymentPostprocessing = 0;
		};
/* End PBXResourcesBuildPhase section */

/* Begin PBXSourcesBuildPhase section */
		2824B90D23D08CA200C861C4 /* Sources */ = {
			isa = PBXSourcesBuildPhase;
			buildActionMask = 2147483647;
			files = (
				2824B91723D08CA200C861C4 /* ViewController.swift in Sources */,
				2824B91523D08CA200C861C4 /* AppDelegate.swift in Sources */,
			);
			runOnlyForDeploymentPostprocessing = 0;
		};
		2824B92123D08CA300C861C4 /* Sources */ = {
			isa = PBXSourcesBuildPhase;
			buildActionMask = 2147483647;
			files = (
				2824B92A23D08CA300C861C4 /* BetterCountdownTimerTests.swift in Sources */,
			);
			runOnlyForDeploymentPostprocessing = 0;
		};
		2824B92C23D08CA300C861C4 /* Sources */ = {
			isa = PBXSourcesBuildPhase;
			buildActionMask = 2147483647;
			files = (
				2824B93523D08CA300C861C4 /* BetterCountdownTimerUITests.swift in Sources */,
			);
			runOnlyForDeploymentPostprocessing = 0;
		};
/* End PBXSourcesBuildPhase section */

/* Begin PBXTargetDependency section */
		2824B92723D08CA300C861C4 /* PBXTargetDependency */ = {
			isa = PBXTargetDependency;
			target = 2824B91023D08CA200C861C4 /* BetterCountdownTimer */;
			targetProxy = 2824B92623D08CA300C861C4 /* PBXContainerItemProxy */;
		};
		2824B93223D08CA300C861C4 /* PBXTargetDependency */ = {
			isa = PBXTargetDependency;
			target = 2824B91023D08CA200C861C4 /* BetterCountdownTimer */;
			targetProxy = 2824B93123D08CA300C861C4 /* PBXContainerItemProxy */;
		};
/* End PBXTargetDependency section */

/* Begin PBXVariantGroup section */
		2824B91823D08CA200C861C4 /* Main.storyboard */ = {
			isa = PBXVariantGroup;
			children = (
				2824B91923D08CA200C861C4 /* Base */,
			);
			name = Main.storyboard;
			sourceTree = "<group>";
		};
		2824B91D23D08CA300C861C4 /* LaunchScreen.storyboard */ = {
			isa = PBXVariantGroup;
			children = (
				2824B91E23D08CA300C861C4 /* Base */,
			);
			name = LaunchScreen.storyboard;
			sourceTree = "<group>";
		};
/* End PBXVariantGroup section */

/* Begin XCBuildConfiguration section */
		2824B93723D08CA300C861C4 /* Debug */ = {
			isa = XCBuildConfiguration;
			buildSettings = {
				ALWAYS_SEARCH_USER_PATHS = NO;
				CLANG_ANALYZER_NONNULL = YES;
				CLANG_ANALYZER_NUMBER_OBJECT_CONVERSION = YES_AGGRESSIVE;
				CLANG_CXX_LANGUAGE_STANDARD = "gnu++14";
				CLANG_CXX_LIBRARY = "libc++";
				CLANG_ENABLE_MODULES = YES;
				CLANG_ENABLE_OBJC_ARC = YES;
				CLANG_ENABLE_OBJC_WEAK = YES;
				CLANG_WARN_BLOCK_CAPTURE_AUTORELEASING = YES;
				CLANG_WARN_BOOL_CONVERSION = YES;
				CLANG_WARN_COMMA = YES;
				CLANG_WARN_CONSTANT_CONVERSION = YES;
				CLANG_WARN_DEPRECATED_OBJC_IMPLEMENTATIONS = YES;
				CLANG_WARN_DIRECT_OBJC_ISA_USAGE = YES_ERROR;
				CLANG_WARN_DOCUMENTATION_COMMENTS = YES;
				CLANG_WARN_EMPTY_BODY = YES;
				CLANG_WARN_ENUM_CONVERSION = YES;
				CLANG_WARN_INFINITE_RECURSION = YES;
				CLANG_WARN_INT_CONVERSION = YES;
				CLANG_WARN_NON_LITERAL_NULL_CONVERSION = YES;
				CLANG_WARN_OBJC_IMPLICIT_RETAIN_SELF = YES;
				CLANG_WARN_OBJC_LITERAL_CONVERSION = YES;
				CLANG_WARN_OBJC_ROOT_CLASS = YES_ERROR;
				CLANG_WARN_RANGE_LOOP_ANALYSIS = YES;
				CLANG_WARN_STRICT_PROTOTYPES = YES;
				CLANG_WARN_SUSPICIOUS_MOVE = YES;
				CLANG_WARN_UNGUARDED_AVAILABILITY = YES_AGGRESSIVE;
				CLANG_WARN_UNREACHABLE_CODE = YES;
				CLANG_WARN__DUPLICATE_METHOD_MATCH = YES;
				CODE_SIGN_IDENTITY = "iPhone Developer";
				COPY_PHASE_STRIP = NO;
				DEBUG_INFORMATION_FORMAT = dwarf;
				ENABLE_STRICT_OBJC_MSGSEND = YES;
				ENABLE_TESTABILITY = YES;
				GCC_C_LANGUAGE_STANDARD = gnu11;
				GCC_DYNAMIC_NO_PIC = NO;
				GCC_NO_COMMON_BLOCKS = YES;
				GCC_OPTIMIZATION_LEVEL = 0;
				GCC_PREPROCESSOR_DEFINITIONS = (
					"DEBUG=1",
					"$(inherited)",
				);
				GCC_WARN_64_TO_32_BIT_CONVERSION = YES;
				GCC_WARN_ABOUT_RETURN_TYPE = YES_ERROR;
				GCC_WARN_UNDECLARED_SELECTOR = YES;
				GCC_WARN_UNINITIALIZED_AUTOS = YES_AGGRESSIVE;
				GCC_WARN_UNUSED_FUNCTION = YES;
				GCC_WARN_UNUSED_VARIABLE = YES;
				IPHONEOS_DEPLOYMENT_TARGET = 12.2;
				MTL_ENABLE_DEBUG_INFO = INCLUDE_SOURCE;
				MTL_FAST_MATH = YES;
				ONLY_ACTIVE_ARCH = YES;
				SDKROOT = iphoneos;
				SWIFT_ACTIVE_COMPILATION_CONDITIONS = DEBUG;
				SWIFT_OPTIMIZATION_LEVEL = "-Onone";
			};
			name = Debug;
		};
		2824B93823D08CA300C861C4 /* Release */ = {
			isa = XCBuildConfiguration;
			buildSettings = {
				ALWAYS_SEARCH_USER_PATHS = NO;
				CLANG_ANALYZER_NONNULL = YES;
				CLANG_ANALYZER_NUMBER_OBJECT_CONVERSION = YES_AGGRESSIVE;
				CLANG_CXX_LANGUAGE_STANDARD = "gnu++14";
				CLANG_CXX_LIBRARY = "libc++";
				CLANG_ENABLE_MODULES = YES;
				CLANG_ENABLE_OBJC_ARC = YES;
				CLANG_ENABLE_OBJC_WEAK = YES;
				CLANG_WARN_BLOCK_CAPTURE_AUTORELEASING = YES;
				CLANG_WARN_BOOL_CONVERSION = YES;
				CLANG_WARN_COMMA = YES;
				CLANG_WARN_CONSTANT_CONVERSION = YES;
				CLANG_WARN_DEPRECATED_OBJC_IMPLEMENTATIONS = YES;
				CLANG_WARN_DIRECT_OBJC_ISA_USAGE = YES_ERROR;
				CLANG_WARN_DOCUMENTATION_COMMENTS = YES;
				CLANG_WARN_EMPTY_BODY = YES;
				CLANG_WARN_ENUM_CONVERSION = YES;
				CLANG_WARN_INFINITE_RECURSION = YES;
				CLANG_WARN_INT_CONVERSION = YES;
				CLANG_WARN_NON_LITERAL_NULL_CONVERSION = YES;
				CLANG_WARN_OBJC_IMPLICIT_RETAIN_SELF = YES;
				CLANG_WARN_OBJC_LITERAL_CONVERSION = YES;
				CLANG_WARN_OBJC_ROOT_CLASS = YES_ERROR;
				CLANG_WARN_RANGE_LOOP_ANALYSIS = YES;
				CLANG_WARN_STRICT_PROTOTYPES = YES;
				CLANG_WARN_SUSPICIOUS_MOVE = YES;
				CLANG_WARN_UNGUARDED_AVAILABILITY = YES_AGGRESSIVE;
				CLANG_WARN_UNREACHABLE_CODE = YES;
				CLANG_WARN__DUPLICATE_METHOD_MATCH = YES;
				CODE_SIGN_IDENTITY = "iPhone Developer";
				COPY_PHASE_STRIP = NO;
				DEBUG_INFORMATION_FORMAT = "dwarf-with-dsym";
				ENABLE_NS_ASSERTIONS = NO;
				ENABLE_STRICT_OBJC_MSGSEND = YES;
				GCC_C_LANGUAGE_STANDARD = gnu11;
				GCC_NO_COMMON_BLOCKS = YES;
				GCC_WARN_64_TO_32_BIT_CONVERSION = YES;
				GCC_WARN_ABOUT_RETURN_TYPE = YES_ERROR;
				GCC_WARN_UNDECLARED_SELECTOR = YES;
				GCC_WARN_UNINITIALIZED_AUTOS = YES_AGGRESSIVE;
				GCC_WARN_UNUSED_FUNCTION = YES;
				GCC_WARN_UNUSED_VARIABLE = YES;
				IPHONEOS_DEPLOYMENT_TARGET = 12.2;
				MTL_ENABLE_DEBUG_INFO = NO;
				MTL_FAST_MATH = YES;
				SDKROOT = iphoneos;
				SWIFT_COMPILATION_MODE = wholemodule;
				SWIFT_OPTIMIZATION_LEVEL = "-O";
				VALIDATE_PRODUCT = YES;
			};
			name = Release;
		};
		2824B93A23D08CA300C861C4 /* Debug */ = {
			isa = XCBuildConfiguration;
			buildSettings = {
				ASSETCATALOG_COMPILER_APPICON_NAME = AppIcon;
				CODE_SIGN_STYLE = Automatic;
				INFOPLIST_FILE = BetterCountdownTimer/Info.plist;
				LD_RUNPATH_SEARCH_PATHS = (
					"$(inherited)",
					"@executable_path/Frameworks",
				);
				PRODUCT_BUNDLE_IDENTIFIER = com.billy.BetterCountdownTimer;
				PRODUCT_NAME = "$(TARGET_NAME)";
				SWIFT_VERSION = 5.0;
				TARGETED_DEVICE_FAMILY = "1,2";
			};
			name = Debug;
		};
		2824B93B23D08CA300C861C4 /* Release */ = {
			isa = XCBuildConfiguration;
			buildSettings = {
				ASSETCATALOG_COMPILER_APPICON_NAME = AppIcon;
				CODE_SIGN_STYLE = Automatic;
				INFOPLIST_FILE = BetterCountdownTimer/Info.plist;
				LD_RUNPATH_SEARCH_PATHS = (
					"$(inherited)",
					"@executable_path/Frameworks",
				);
				PRODUCT_BUNDLE_IDENTIFIER = com.billy.BetterCountdownTimer;
				PRODUCT_NAME = "$(TARGET_NAME)";
				SWIFT_VERSION = 5.0;
				TARGETED_DEVICE_FAMILY = "1,2";
			};
			name = Release;
		};
		2824B93D23D08CA300C861C4 /* Debug */ = {
			isa = XCBuildConfiguration;
			buildSettings = {
				ALWAYS_EMBED_SWIFT_STANDARD_LIBRARIES = YES;
				BUNDLE_LOADER = "$(TEST_HOST)";
				CODE_SIGN_STYLE = Automatic;
				INFOPLIST_FILE = BetterCountdownTimerTests/Info.plist;
				LD_RUNPATH_SEARCH_PATHS = (
					"$(inherited)",
					"@executable_path/Frameworks",
					"@loader_path/Frameworks",
				);
				PRODUCT_BUNDLE_IDENTIFIER = com.billy.BetterCountdownTimerTests;
				PRODUCT_NAME = "$(TARGET_NAME)";
				SWIFT_VERSION = 5.0;
				TARGETED_DEVICE_FAMILY = "1,2";
				TEST_HOST = "$(BUILT_PRODUCTS_DIR)/BetterCountdownTimer.app/BetterCountdownTimer";
			};
			name = Debug;
		};
		2824B93E23D08CA300C861C4 /* Release */ = {
			isa = XCBuildConfiguration;
			buildSettings = {
				ALWAYS_EMBED_SWIFT_STANDARD_LIBRARIES = YES;
				BUNDLE_LOADER = "$(TEST_HOST)";
				CODE_SIGN_STYLE = Automatic;
				INFOPLIST_FILE = BetterCountdownTimerTests/Info.plist;
				LD_RUNPATH_SEARCH_PATHS = (
					"$(inherited)",
					"@executable_path/Frameworks",
					"@loader_path/Frameworks",
				);
				PRODUCT_BUNDLE_IDENTIFIER = com.billy.BetterCountdownTimerTests;
				PRODUCT_NAME = "$(TARGET_NAME)";
				SWIFT_VERSION = 5.0;
				TARGETED_DEVICE_FAMILY = "1,2";
				TEST_HOST = "$(BUILT_PRODUCTS_DIR)/BetterCountdownTimer.app/BetterCountdownTimer";
			};
			name = Release;
		};
		2824B94023D08CA300C861C4 /* Debug */ = {
			isa = XCBuildConfiguration;
			buildSettings = {
				ALWAYS_EMBED_SWIFT_STANDARD_LIBRARIES = YES;
				CODE_SIGN_STYLE = Automatic;
				INFOPLIST_FILE = BetterCountdownTimerUITests/Info.plist;
				LD_RUNPATH_SEARCH_PATHS = (
					"$(inherited)",
					"@executable_path/Frameworks",
					"@loader_path/Frameworks",
				);
				PRODUCT_BUNDLE_IDENTIFIER = com.billy.BetterCountdownTimerUITests;
				PRODUCT_NAME = "$(TARGET_NAME)";
				SWIFT_VERSION = 5.0;
				TARGETED_DEVICE_FAMILY = "1,2";
				TEST_TARGET_NAME = BetterCountdownTimer;
			};
			name = Debug;
		};
		2824B94123D08CA300C861C4 /* Release */ = {
			isa = XCBuildConfiguration;
			buildSettings = {
				ALWAYS_EMBED_SWIFT_STANDARD_LIBRARIES = YES;
				CODE_SIGN_STYLE = Automatic;
				INFOPLIST_FILE = BetterCountdownTimerUITests/Info.plist;
				LD_RUNPATH_SEARCH_PATHS = (
					"$(inherited)",
					"@executable_path/Frameworks",
					"@loader_path/Frameworks",
				);
				PRODUCT_BUNDLE_IDENTIFIER = com.billy.BetterCountdownTimerUITests;
				PRODUCT_NAME = "$(TARGET_NAME)";
				SWIFT_VERSION = 5.0;
				TARGETED_DEVICE_FAMILY = "1,2";
				TEST_TARGET_NAME = BetterCountdownTimer;
			};
			name = Release;
		};
/* End XCBuildConfiguration section */

/* Begin XCConfigurationList section */
		2824B90C23D08CA200C861C4 /* Build configuration list for PBXProject "BetterCountdownTimer" */ = {
			isa = XCConfigurationList;
			buildConfigurations = (
				2824B93723D08CA300C861C4 /* Debug */,
				2824B93823D08CA300C861C4 /* Release */,
			);
			defaultConfigurationIsVisible = 0;
			defaultConfigurationName = Release;
		};
		2824B93923D08CA300C861C4 /* Build configuration list for PBXNativeTarget "BetterCountdownTimer" */ = {
			isa = XCConfigurationList;
			buildConfigurations = (
				2824B93A23D08CA300C861C4 /* Debug */,
				2824B93B23D08CA300C861C4 /* Release */,
			);
			defaultConfigurationIsVisible = 0;
			defaultConfigurationName = Release;
		};
		2824B93C23D08CA300C861C4 /* Build configuration list for PBXNativeTarget "BetterCountdownTimerTests" */ = {
			isa = XCConfigurationList;
			buildConfigurations = (
				2824B93D23D08CA300C861C4 /* Debug */,
				2824B93E23D08CA300C861C4 /* Release */,
			);
			defaultConfigurationIsVisible = 0;
			defaultConfigurationName = Release;
		};
		2824B93F23D08CA300C861C4 /* Build configuration list for PBXNativeTarget "BetterCountdownTimerUITests" */ = {
			isa = XCConfigurationList;
			buildConfigurations = (
				2824B94023D08CA300C861C4 /* Debug */,
				2824B94123D08CA300C861C4 /* Release */,
			);
			defaultConfigurationIsVisible = 0;
			defaultConfigurationName = Release;
		};
/* End XCConfigurationList section */
	};
	rootObject = 2824B90923D08CA200C861C4 /* Project object */;
}
